
Microsoft Visual Studio Solution File, Format Version 12.00
# Visual Studio 14
VisualStudioVersion = 14.0.24720.0
MinimumVisualStudioVersion = 10.0.40219.1
Project("{FAE04EC0-301F-11D3-BF4B-00C04F79EFBC}") = "Solcioty", "Solcioty\Solcioty.csproj", "{B47C33AB-B31A-48FD-BAA2-D8AF6570420E}"
EndProject
Project("{FAE04EC0-301F-11D3-BF4B-00C04F79EFBC}") = "DataAccessLayer", "DataAccessLayer\DataAccessLayer.csproj", "{EB38CB38-B1C5-4DA2-8A9A-F3C7246E8D05}"
EndProject
Project("{FAE04EC0-301F-11D3-BF4B-00C04F79EFBC}") = "Models", "Models\Models.csproj", "{C3B7A27C-FB6D-4861-B8F2-9C55505ECE1F}"
EndProject
Project("{FAE04EC0-301F-11D3-BF4B-00C04F79EFBC}") = "BusinessLayer", "BusinessLayer\BusinessLayer.csproj", "{AD335A48-6048-46F1-A98E-E356D00EE759}"
EndProject
Project("{FAE04EC0-301F-11D3-BF4B-00C04F79EFBC}") = "Services", "Services\Services.csproj", "{38008732-C8D6-4161-B34F-455C2353401B}"
EndProject
Global
	GlobalSection(SolutionConfigurationPlatforms) = preSolution
		Debug|Any CPU = Debug|Any CPU
		Release|Any CPU = Release|Any CPU
	EndGlobalSection
	GlobalSection(ProjectConfigurationPlatforms) = postSolution
		{B47C33AB-B31A-48FD-BAA2-D8AF6570420E}.Debug|Any CPU.ActiveCfg = Debug|Any CPU
		{B47C33AB-B31A-48FD-BAA2-D8AF6570420E}.Debug|Any CPU.Build.0 = Debug|Any CPU
		{B47C33AB-B31A-48FD-BAA2-D8AF6570420E}.Release|Any CPU.ActiveCfg = Release|Any CPU
		{B47C33AB-B31A-48FD-BAA2-D8AF6570420E}.Release|Any CPU.Build.0 = Release|Any CPU
		{EB38CB38-B1C5-4DA2-8A9A-F3C7246E8D05}.Debug|Any CPU.ActiveCfg = Debug|Any CPU
		{EB38CB38-B1C5-4DA2-8A9A-F3C7246E8D05}.Debug|Any CPU.Build.0 = Debug|Any CPU
		{EB38CB38-B1C5-4DA2-8A9A-F3C7246E8D05}.Release|Any CPU.ActiveCfg = Release|Any CPU
		{EB38CB38-B1C5-4DA2-8A9A-F3C7246E8D05}.Release|Any CPU.Build.0 = Release|Any CPU
		{C3B7A27C-FB6D-4861-B8F2-9C55505ECE1F}.Debug|Any CPU.ActiveCfg = Debug|Any CPU
		{C3B7A27C-FB6D-4861-B8F2-9C55505ECE1F}.Debug|Any CPU.Build.0 = Debug|Any CPU
		{C3B7A27C-FB6D-4861-B8F2-9C55505ECE1F}.Release|Any CPU.ActiveCfg = Release|Any CPU
		{C3B7A27C-FB6D-4861-B8F2-9C55505ECE1F}.Release|Any CPU.Build.0 = Release|Any CPU
		{AD335A48-6048-46F1-A98E-E356D00EE759}.Debug|Any CPU.ActiveCfg = Debug|Any CPU
		{AD335A48-6048-46F1-A98E-E356D00EE759}.Debug|Any CPU.Build.0 = Debug|Any CPU
		{AD335A48-6048-46F1-A98E-E356D00EE759}.Release|Any CPU.ActiveCfg = Release|Any CPU
		{AD335A48-6048-46F1-A98E-E356D00EE759}.Release|Any CPU.Build.0 = Release|Any CPU
		{38008732-C8D6-4161-B34F-455C2353401B}.Debug|Any CPU.ActiveCfg = Debug|Any CPU
		{38008732-C8D6-4161-B34F-455C2353401B}.Debug|Any CPU.Build.0 = Debug|Any CPU
		{38008732-C8D6-4161-B34F-455C2353401B}.Release|Any CPU.ActiveCfg = Release|Any CPU
		{38008732-C8D6-4161-B34F-455C2353401B}.Release|Any CPU.Build.0 = Release|Any CPU
	EndGlobalSection
	GlobalSection(SolutionProperties) = preSolution
		HideSolutionNode = FALSE
	EndGlobalSection
EndGlobal
